
Microsoft Visual Studio Solution File, Format Version 12.00
# Visual Studio Version 16
VisualStudioVersion = 16.0.31019.35
MinimumVisualStudioVersion = 10.0.40219.1
Project("{FAE04EC0-301F-11D3-BF4B-00C04F79EFBC}") = "CalculadoraCsharp", "CalculadoraCsharp\CalculadoraCsharp.csproj", "{811B6361-A469-4E92-862F-F4C34E69B9C8}"
EndProject
Global
	GlobalSection(SolutionConfigurationPlatforms) = preSolution
		Debug|Any CPU = Debug|Any CPU
		Release|Any CPU = Release|Any CPU
	EndGlobalSection
	GlobalSection(ProjectConfigurationPlatforms) = postSolution
		{811B6361-A469-4E92-862F-F4C34E69B9C8}.Debug|Any CPU.ActiveCfg = Debug|Any CPU
		{811B6361-A469-4E92-862F-F4C34E69B9C8}.Debug|Any CPU.Build.0 = Debug|Any CPU
		{811B6361-A469-4E92-862F-F4C34E69B9C8}.Release|Any CPU.ActiveCfg = Release|Any CPU
		{811B6361-A469-4E92-862F-F4C34E69B9C8}.Release|Any CPU.Build.0 = Release|Any CPU
	EndGlobalSection
	GlobalSection(SolutionProperties) = preSolution
		HideSolutionNode = FALSE
	EndGlobalSection
	GlobalSection(ExtensibilityGlobals) = postSolution
		SolutionGuid = {B9C3B3A5-80F9-4917-9994-920EB6ACB25A}
	EndGlobalSection
EndGlobal
